// !$*UTF8*$!
{
	archiveVersion = 1;
	classes = {
	};
	objectVersion = 55;
	objects = {

/* Begin PBXBuildFile section */
		00FCB5DB279FB3CE00AD6E7D /* AppDelegate.swift in Sources */ = {isa = PBXBuildFile; fileRef = 00FCB5DA279FB3CE00AD6E7D /* AppDelegate.swift */; };
		00FCB5DD279FB3CE00AD6E7D /* SceneDelegate.swift in Sources */ = {isa = PBXBuildFile; fileRef = 00FCB5DC279FB3CE00AD6E7D /* SceneDelegate.swift */; };
		00FCB5DF279FB3CE00AD6E7D /* ViewController.swift in Sources */ = {isa = PBXBuildFile; fileRef = 00FCB5DE279FB3CE00AD6E7D /* ViewController.swift */; };
		00FCB5E2279FB3CE00AD6E7D /* Main.storyboard in Resources */ = {isa = PBXBuildFile; fileRef = 00FCB5E0279FB3CE00AD6E7D /* Main.storyboard */; };
		00FCB5E4279FB3D100AD6E7D /* Assets.xcassets in Resources */ = {isa = PBXBuildFile; fileRef = 00FCB5E3279FB3D100AD6E7D /* Assets.xcassets */; };
		00FCB5E7279FB3D100AD6E7D /* LaunchScreen.storyboard in Resources */ = {isa = PBXBuildFile; fileRef = 00FCB5E5279FB3D100AD6E7D /* LaunchScreen.storyboard */; };
		00FCB5F2279FB3D100AD6E7D /* You_Are_Awesome_Tests.swift in Sources */ = {isa = PBXBuildFile; fileRef = 00FCB5F1279FB3D100AD6E7D /* You_Are_Awesome_Tests.swift */; };
		00FCB5FC279FB3D100AD6E7D /* You_Are_Awesome_UITests.swift in Sources */ = {isa = PBXBuildFile; fileRef = 00FCB5FB279FB3D100AD6E7D /* You_Are_Awesome_UITests.swift */; };
		00FCB5FE279FB3D100AD6E7D /* You_Are_Awesome_UITestsLaunchTests.swift in Sources */ = {isa = PBXBuildFile; fileRef = 00FCB5FD279FB3D100AD6E7D /* You_Are_Awesome_UITestsLaunchTests.swift */; };
/* End PBXBuildFile section */

/* Begin PBXContainerItemProxy section */
		00FCB5EE279FB3D100AD6E7D /* PBXContainerItemProxy */ = {
			isa = PBXContainerItemProxy;
			containerPortal = 00FCB5CF279FB3CE00AD6E7D /* Project object */;
			proxyType = 1;
			remoteGlobalIDString = 00FCB5D6279FB3CE00AD6E7D;
			remoteInfo = "You Are Awesome!";
		};
		00FCB5F8279FB3D100AD6E7D /* PBXContainerItemProxy */ = {
			isa = PBXContainerItemProxy;
			containerPortal = 00FCB5CF279FB3CE00AD6E7D /* Project object */;
			proxyType = 1;
			remoteGlobalIDString = 00FCB5D6279FB3CE00AD6E7D;
			remoteInfo = "You Are Awesome!";
		};
/* End PBXContainerItemProxy section */

/* Begin PBXFileReference section */
		00FCB5D7279FB3CE00AD6E7D /* You Are Awesome!.app */ = {isa = PBXFileReference; explicitFileType = wrapper.application; includeInIndex = 0; path = "You Are Awesome!.app"; sourceTree = BUILT_PRODUCTS_DIR; };
		00FCB5DA279FB3CE00AD6E7D /* AppDelegate.swift */ = {isa = PBXFileReference; lastKnownFileType = sourcecode.swift; path = AppDelegate.swift; sourceTree = "<group>"; };
		00FCB5DC279FB3CE00AD6E7D /* SceneDelegate.swift */ = {isa = PBXFileReference; lastKnownFileType = sourcecode.swift; path = SceneDelegate.swift; sourceTree = "<group>"; };
		00FCB5DE279FB3CE00AD6E7D /* ViewController.swift */ = {isa = PBXFileReference; lastKnownFileType = sourcecode.swift; path = ViewController.swift; sourceTree = "<group>"; };
		00FCB5E1279FB3CE00AD6E7D /* Base */ = {isa = PBXFileReference; lastKnownFileType = file.storyboard; name = Base; path = Base.lproj/Main.storyboard; sourceTree = "<group>"; };
		00FCB5E3279FB3D100AD6E7D /* Assets.xcassets */ = {isa = PBXFileReference; lastKnownFileType = folder.assetcatalog; path = Assets.xcassets; sourceTree = "<group>"; };
		00FCB5E6279FB3D100AD6E7D /* Base */ = {isa = PBXFileReference; lastKnownFileType = file.storyboard; name = Base; path = Base.lproj/LaunchScreen.storyboard; sourceTree = "<group>"; };
		00FCB5E8279FB3D100AD6E7D /* Info.plist */ = {isa = PBXFileReference; lastKnownFileType = text.plist.xml; path = Info.plist; sourceTree = "<group>"; };
		00FCB5ED279FB3D100AD6E7D /* You Are Awesome!Tests.xctest */ = {isa = PBXFileReference; explicitFileType = wrapper.cfbundle; includeInIndex = 0; path = "You Are Awesome!Tests.xctest"; sourceTree = BUILT_PRODUCTS_DIR; };
		00FCB5F1279FB3D100AD6E7D /* You_Are_Awesome_Tests.swift */ = {isa = PBXFileReference; lastKnownFileType = sourcecode.swift; path = You_Are_Awesome_Tests.swift; sourceTree = "<group>"; };
		00FCB5F7279FB3D100AD6E7D /* You Are Awesome!UITests.xctest */ = {isa = PBXFileReference; explicitFileType = wrapper.cfbundle; includeInIndex = 0; path = "You Are Awesome!UITests.xctest"; sourceTree = BUILT_PRODUCTS_DIR; };
		00FCB5FB279FB3D100AD6E7D /* You_Are_Awesome_UITests.swift */ = {isa = PBXFileReference; lastKnownFileType = sourcecode.swift; path = You_Are_Awesome_UITests.swift; sourceTree = "<group>"; };
		00FCB5FD279FB3D100AD6E7D /* You_Are_Awesome_UITestsLaunchTests.swift */ = {isa = PBXFileReference; lastKnownFileType = sourcecode.swift; path = You_Are_Awesome_UITestsLaunchTests.swift; sourceTree = "<group>"; };
/* End PBXFileReference section */

/* Begin PBXFrameworksBuildPhase section */
		00FCB5D4279FB3CE00AD6E7D /* Frameworks */ = {
			isa = PBXFrameworksBuildPhase;
			buildActionMask = 2147483647;
			files = (
			);
			runOnlyForDeploymentPostprocessing = 0;
		};
		00FCB5EA279FB3D100AD6E7D /* Frameworks */ = {
			isa = PBXFrameworksBuildPhase;
			buildActionMask = 2147483647;
			files = (
			);
			runOnlyForDeploymentPostprocessing = 0;
		};
		00FCB5F4279FB3D100AD6E7D /* Frameworks */ = {
			isa = PBXFrameworksBuildPhase;
			buildActionMask = 2147483647;
			files = (
			);
			runOnlyForDeploymentPostprocessing = 0;
		};
/* End PBXFrameworksBuildPhase section */

/* Begin PBXGroup section */
		00FCB5CE279FB3CE00AD6E7D = {
			isa = PBXGroup;
			children = (
				00FCB5D9279FB3CE00AD6E7D /* You Are Awesome! */,
				00FCB5F0279FB3D100AD6E7D /* You Are Awesome!Tests */,
				00FCB5FA279FB3D100AD6E7D /* You Are Awesome!UITests */,
				00FCB5D8279FB3CE00AD6E7D /* Products */,
			);
			sourceTree = "<group>";
		};
		00FCB5D8279FB3CE00AD6E7D /* Products */ = {
			isa = PBXGroup;
			children = (
				00FCB5D7279FB3CE00AD6E7D /* You Are Awesome!.app */,
				00FCB5ED279FB3D100AD6E7D /* You Are Awesome!Tests.xctest */,
				00FCB5F7279FB3D100AD6E7D /* You Are Awesome!UITests.xctest */,
			);
			name = Products;
			sourceTree = "<group>";
		};
		00FCB5D9279FB3CE00AD6E7D /* You Are Awesome! */ = {
			isa = PBXGroup;
			children = (
				00FCB5DA279FB3CE00AD6E7D /* AppDelegate.swift */,
				00FCB5DC279FB3CE00AD6E7D /* SceneDelegate.swift */,
				00FCB5DE279FB3CE00AD6E7D /* ViewController.swift */,
				00FCB5E0279FB3CE00AD6E7D /* Main.storyboard */,
				00FCB5E3279FB3D100AD6E7D /* Assets.xcassets */,
				00FCB5E5279FB3D100AD6E7D /* LaunchScreen.storyboard */,
				00FCB5E8279FB3D100AD6E7D /* Info.plist */,
			);
			path = "You Are Awesome!";
			sourceTree = "<group>";
		};
		00FCB5F0279FB3D100AD6E7D /* You Are Awesome!Tests */ = {
			isa = PBXGroup;
			children = (
				00FCB5F1279FB3D100AD6E7D /* You_Are_Awesome_Tests.swift */,
			);
			path = "You Are Awesome!Tests";
			sourceTree = "<group>";
		};
		00FCB5FA279FB3D100AD6E7D /* You Are Awesome!UITests */ = {
			isa = PBXGroup;
			children = (
				00FCB5FB279FB3D100AD6E7D /* You_Are_Awesome_UITests.swift */,
				00FCB5FD279FB3D100AD6E7D /* You_Are_Awesome_UITestsLaunchTests.swift */,
			);
			path = "You Are Awesome!UITests";
			sourceTree = "<group>";
		};
/* End PBXGroup section */

/* Begin PBXNativeTarget section */
		00FCB5D6279FB3CE00AD6E7D /* You Are Awesome! */ = {
			isa = PBXNativeTarget;
			buildConfigurationList = 00FCB601279FB3D100AD6E7D /* Build configuration list for PBXNativeTarget "You Are Awesome!" */;
			buildPhases = (
				00FCB5D3279FB3CE00AD6E7D /* Sources */,
				00FCB5D4279FB3CE00AD6E7D /* Frameworks */,
				00FCB5D5279FB3CE00AD6E7D /* Resources */,
			);
			buildRules = (
			);
			dependencies = (
			);
			name = "You Are Awesome!";
			productName = "You Are Awesome!";
			productReference = 00FCB5D7279FB3CE00AD6E7D /* You Are Awesome!.app */;
			productType = "com.apple.product-type.application";
		};
		00FCB5EC279FB3D100AD6E7D /* You Are Awesome!Tests */ = {
			isa = PBXNativeTarget;
			buildConfigurationList = 00FCB604279FB3D100AD6E7D /* Build configuration list for PBXNativeTarget "You Are Awesome!Tests" */;
			buildPhases = (
				00FCB5E9279FB3D100AD6E7D /* Sources */,
				00FCB5EA279FB3D100AD6E7D /* Frameworks */,
				00FCB5EB279FB3D100AD6E7D /* Resources */,
			);
			buildRules = (
			);
			dependencies = (
				00FCB5EF279FB3D100AD6E7D /* PBXTargetDependency */,
			);
			name = "You Are Awesome!Tests";
			productName = "You Are Awesome!Tests";
			productReference = 00FCB5ED279FB3D100AD6E7D /* You Are Awesome!Tests.xctest */;
			productType = "com.apple.product-type.bundle.unit-test";
		};
		00FCB5F6279FB3D100AD6E7D /* You Are Awesome!UITests */ = {
			isa = PBXNativeTarget;
			buildConfigurationList = 00FCB607279FB3D100AD6E7D /* Build configuration list for PBXNativeTarget "You Are Awesome!UITests" */;
			buildPhases = (
				00FCB5F3279FB3D100AD6E7D /* Sources */,
				00FCB5F4279FB3D100AD6E7D /* Frameworks */,
				00FCB5F5279FB3D100AD6E7D /* Resources */,
			);
			buildRules = (
			);
			dependencies = (
				00FCB5F9279FB3D100AD6E7D /* PBXTargetDependency */,
			);
			name = "You Are Awesome!UITests";
			productName = "You Are Awesome!UITests";
			productReference = 00FCB5F7279FB3D100AD6E7D /* You Are Awesome!UITests.xctest */;
			productType = "com.apple.product-type.bundle.ui-testing";
		};
/* End PBXNativeTarget section */

/* Begin PBXProject section */
		00FCB5CF279FB3CE00AD6E7D /* Project object */ = {
			isa = PBXProject;
			attributes = {
				BuildIndependentTargetsInParallel = 1;
				LastSwiftUpdateCheck = 1320;
				LastUpgradeCheck = 1320;
				TargetAttributes = {
					00FCB5D6279FB3CE00AD6E7D = {
						CreatedOnToolsVersion = 13.2.1;
					};
					00FCB5EC279FB3D100AD6E7D = {
						CreatedOnToolsVersion = 13.2.1;
						TestTargetID = 00FCB5D6279FB3CE00AD6E7D;
					};
					00FCB5F6279FB3D100AD6E7D = {
						CreatedOnToolsVersion = 13.2.1;
						TestTargetID = 00FCB5D6279FB3CE00AD6E7D;
					};
				};
			};
			buildConfigurationList = 00FCB5D2279FB3CE00AD6E7D /* Build configuration list for PBXProject "You Are Awesome!" */;
			compatibilityVersion = "Xcode 13.0";
			developmentRegion = en;
			hasScannedForEncodings = 0;
			knownRegions = (
				en,
				Base,
			);
			mainGroup = 00FCB5CE279FB3CE00AD6E7D;
			productRefGroup = 00FCB5D8279FB3CE00AD6E7D /* Products */;
			projectDirPath = "";
			projectRoot = "";
			targets = (
				00FCB5D6279FB3CE00AD6E7D /* You Are Awesome! */,
				00FCB5EC279FB3D100AD6E7D /* You Are Awesome!Tests */,
				00FCB5F6279FB3D100AD6E7D /* You Are Awesome!UITests */,
			);
		};
/* End PBXProject section */

/* Begin PBXResourcesBuildPhase section */
		00FCB5D5279FB3CE00AD6E7D /* Resources */ = {
			isa = PBXResourcesBuildPhase;
			buildActionMask = 2147483647;
			files = (
				00FCB5E7279FB3D100AD6E7D /* LaunchScreen.storyboard in Resources */,
				00FCB5E4279FB3D100AD6E7D /* Assets.xcassets in Resources */,
				00FCB5E2279FB3CE00AD6E7D /* Main.storyboard in Resources */,
			);
			runOnlyForDeploymentPostprocessing = 0;
		};
		00FCB5EB279FB3D100AD6E7D /* Resources */ = {
			isa = PBXResourcesBuildPhase;
			buildActionMask = 2147483647;
			files = (
			);
			runOnlyForDeploymentPostprocessing = 0;
		};
		00FCB5F5279FB3D100AD6E7D /* Resources */ = {
			isa = PBXResourcesBuildPhase;
			buildActionMask = 2147483647;
			files = (
			);
			runOnlyForDeploymentPostprocessing = 0;
		};
/* End PBXResourcesBuildPhase section */

/* Begin PBXSourcesBuildPhase section */
		00FCB5D3279FB3CE00AD6E7D /* Sources */ = {
			isa = PBXSourcesBuildPhase;
			buildActionMask = 2147483647;
			files = (
				00FCB5DF279FB3CE00AD6E7D /* ViewController.swift in Sources */,
				00FCB5DB279FB3CE00AD6E7D /* AppDelegate.swift in Sources */,
				00FCB5DD279FB3CE00AD6E7D /* SceneDelegate.swift in Sources */,
			);
			runOnlyForDeploymentPostprocessing = 0;
		};
		00FCB5E9279FB3D100AD6E7D /* Sources */ = {
			isa = PBXSourcesBuildPhase;
			buildActionMask = 2147483647;
			files = (
				00FCB5F2279FB3D100AD6E7D /* You_Are_Awesome_Tests.swift in Sources */,
			);
			runOnlyForDeploymentPostprocessing = 0;
		};
		00FCB5F3279FB3D100AD6E7D /* Sources */ = {
			isa = PBXSourcesBuildPhase;
			buildActionMask = 2147483647;
			files = (
				00FCB5FC279FB3D100AD6E7D /* You_Are_Awesome_UITests.swift in Sources */,
				00FCB5FE279FB3D100AD6E7D /* You_Are_Awesome_UITestsLaunchTests.swift in Sources */,
			);
			runOnlyForDeploymentPostprocessing = 0;
		};
/* End PBXSourcesBuildPhase section */

/* Begin PBXTargetDependency section */
		00FCB5EF279FB3D100AD6E7D /* PBXTargetDependency */ = {
			isa = PBXTargetDependency;
			target = 00FCB5D6279FB3CE00AD6E7D /* You Are Awesome! */;
			targetProxy = 00FCB5EE279FB3D100AD6E7D /* PBXContainerItemProxy */;
		};
		00FCB5F9279FB3D100AD6E7D /* PBXTargetDependency */ = {
			isa = PBXTargetDependency;
			target = 00FCB5D6279FB3CE00AD6E7D /* You Are Awesome! */;
			targetProxy = 00FCB5F8279FB3D100AD6E7D /* PBXContainerItemProxy */;
		};
/* End PBXTargetDependency section */

/* Begin PBXVariantGroup section */
		00FCB5E0279FB3CE00AD6E7D /* Main.storyboard */ = {
			isa = PBXVariantGroup;
			children = (
				00FCB5E1279FB3CE00AD6E7D /* Base */,
			);
			name = Main.storyboard;
			sourceTree = "<group>";
		};
		00FCB5E5279FB3D100AD6E7D /* LaunchScreen.storyboard */ = {
			isa = PBXVariantGroup;
			children = (
				00FCB5E6279FB3D100AD6E7D /* Base */,
			);
			name = LaunchScreen.storyboard;
			sourceTree = "<group>";
		};
/* End PBXVariantGroup section */

/* Begin XCBuildConfiguration section */
		00FCB5FF279FB3D100AD6E7D /* Debug */ = {
			isa = XCBuildConfiguration;
			buildSettings = {
				ALWAYS_SEARCH_USER_PATHS = NO;
				CLANG_ANALYZER_NONNULL = YES;
				CLANG_ANALYZER_NUMBER_OBJECT_CONVERSION = YES_AGGRESSIVE;
				CLANG_CXX_LANGUAGE_STANDARD = "gnu++17";
				CLANG_CXX_LIBRARY = "libc++";
				CLANG_ENABLE_MODULES = YES;
				CLANG_ENABLE_OBJC_ARC = YES;
				CLANG_ENABLE_OBJC_WEAK = YES;
				CLANG_WARN_BLOCK_CAPTURE_AUTORELEASING = YES;
				CLANG_WARN_BOOL_CONVERSION = YES;
				CLANG_WARN_COMMA = YES;
				CLANG_WARN_CONSTANT_CONVERSION = YES;
				CLANG_WARN_DEPRECATED_OBJC_IMPLEMENTATIONS = YES;
				CLANG_WARN_DIRECT_OBJC_ISA_USAGE = YES_ERROR;
				CLANG_WARN_DOCUMENTATION_COMMENTS = YES;
				CLANG_WARN_EMPTY_BODY = YES;
				CLANG_WARN_ENUM_CONVERSION = YES;
				CLANG_WARN_INFINITE_RECURSION = YES;
				CLANG_WARN_INT_CONVERSION = YES;
				CLANG_WARN_NON_LITERAL_NULL_CONVERSION = YES;
				CLANG_WARN_OBJC_IMPLICIT_RETAIN_SELF = YES;
				CLANG_WARN_OBJC_LITERAL_CONVERSION = YES;
				CLANG_WARN_OBJC_ROOT_CLASS = YES_ERROR;
				CLANG_WARN_QUOTED_INCLUDE_IN_FRAMEWORK_HEADER = YES;
				CLANG_WARN_RANGE_LOOP_ANALYSIS = YES;
				CLANG_WARN_STRICT_PROTOTYPES = YES;
				CLANG_WARN_SUSPICIOUS_MOVE = YES;
				CLANG_WARN_UNGUARDED_AVAILABILITY = YES_AGGRESSIVE;
				CLANG_WARN_UNREACHABLE_CODE = YES;
				CLANG_WARN__DUPLICATE_METHOD_MATCH = YES;
				COPY_PHASE_STRIP = NO;
				DEBUG_INFORMATION_FORMAT = dwarf;
				ENABLE_STRICT_OBJC_MSGSEND = YES;
				ENABLE_TESTABILITY = YES;
				GCC_C_LANGUAGE_STANDARD = gnu11;
				GCC_DYNAMIC_NO_PIC = NO;
				GCC_NO_COMMON_BLOCKS = YES;
				GCC_OPTIMIZATION_LEVEL = 0;
				GCC_PREPROCESSOR_DEFINITIONS = (
					"DEBUG=1",
					"$(inherited)",
				);
				GCC_WARN_64_TO_32_BIT_CONVERSION = YES;
				GCC_WARN_ABOUT_RETURN_TYPE = YES_ERROR;
				GCC_WARN_UNDECLARED_SELECTOR = YES;
				GCC_WARN_UNINITIALIZED_AUTOS = YES_AGGRESSIVE;
				GCC_WARN_UNUSED_FUNCTION = YES;
				GCC_WARN_UNUSED_VARIABLE = YES;
				IPHONEOS_DEPLOYMENT_TARGET = 15.2;
				MTL_ENABLE_DEBUG_INFO = INCLUDE_SOURCE;
				MTL_FAST_MATH = YES;
				ONLY_ACTIVE_ARCH = YES;
				SDKROOT = iphoneos;
				SWIFT_ACTIVE_COMPILATION_CONDITIONS = DEBUG;
				SWIFT_OPTIMIZATION_LEVEL = "-Onone";
			};
			name = Debug;
		};
		00FCB600279FB3D100AD6E7D /* Release */ = {
			isa = XCBuildConfiguration;
			buildSettings = {
				ALWAYS_SEARCH_USER_PATHS = NO;
				CLANG_ANALYZER_NONNULL = YES;
				CLANG_ANALYZER_NUMBER_OBJECT_CONVERSION = YES_AGGRESSIVE;
				CLANG_CXX_LANGUAGE_STANDARD = "gnu++17";
				CLANG_CXX_LIBRARY = "libc++";
				CLANG_ENABLE_MODULES = YES;
				CLANG_ENABLE_OBJC_ARC = YES;
				CLANG_ENABLE_OBJC_WEAK = YES;
				CLANG_WARN_BLOCK_CAPTURE_AUTORELEASING = YES;
				CLANG_WARN_BOOL_CONVERSION = YES;
				CLANG_WARN_COMMA = YES;
				CLANG_WARN_CONSTANT_CONVERSION = YES;
				CLANG_WARN_DEPRECATED_OBJC_IMPLEMENTATIONS = YES;
				CLANG_WARN_DIRECT_OBJC_ISA_USAGE = YES_ERROR;
				CLANG_WARN_DOCUMENTATION_COMMENTS = YES;
				CLANG_WARN_EMPTY_BODY = YES;
				CLANG_WARN_ENUM_CONVERSION = YES;
				CLANG_WARN_INFINITE_RECURSION = YES;
				CLANG_WARN_INT_CONVERSION = YES;
				CLANG_WARN_NON_LITERAL_NULL_CONVERSION = YES;
				CLANG_WARN_OBJC_IMPLICIT_RETAIN_SELF = YES;
				CLANG_WARN_OBJC_LITERAL_CONVERSION = YES;
				CLANG_WARN_OBJC_ROOT_CLASS = YES_ERROR;
				CLANG_WARN_QUOTED_INCLUDE_IN_FRAMEWORK_HEADER = YES;
				CLANG_WARN_RANGE_LOOP_ANALYSIS = YES;
				CLANG_WARN_STRICT_PROTOTYPES = YES;
				CLANG_WARN_SUSPICIOUS_MOVE = YES;
				CLANG_WARN_UNGUARDED_AVAILABILITY = YES_AGGRESSIVE;
				CLANG_WARN_UNREACHABLE_CODE = YES;
				CLANG_WARN__DUPLICATE_METHOD_MATCH = YES;
				COPY_PHASE_STRIP = NO;
				DEBUG_INFORMATION_FORMAT = "dwarf-with-dsym";
				ENABLE_NS_ASSERTIONS = NO;
				ENABLE_STRICT_OBJC_MSGSEND = YES;
				GCC_C_LANGUAGE_STANDARD = gnu11;
				GCC_NO_COMMON_BLOCKS = YES;
				GCC_WARN_64_TO_32_BIT_CONVERSION = YES;
				GCC_WARN_ABOUT_RETURN_TYPE = YES_ERROR;
				GCC_WARN_UNDECLARED_SELECTOR = YES;
				GCC_WARN_UNINITIALIZED_AUTOS = YES_AGGRESSIVE;
				GCC_WARN_UNUSED_FUNCTION = YES;
				GCC_WARN_UNUSED_VARIABLE = YES;
				IPHONEOS_DEPLOYMENT_TARGET = 15.2;
				MTL_ENABLE_DEBUG_INFO = NO;
				MTL_FAST_MATH = YES;
				SDKROOT = iphoneos;
				SWIFT_COMPILATION_MODE = wholemodule;
				SWIFT_OPTIMIZATION_LEVEL = "-O";
				VALIDATE_PRODUCT = YES;
			};
			name = Release;
		};
		00FCB602279FB3D100AD6E7D /* Debug */ = {
			isa = XCBuildConfiguration;
			buildSettings = {
				ASSETCATALOG_COMPILER_APPICON_NAME = AppIcon;
				ASSETCATALOG_COMPILER_GLOBAL_ACCENT_COLOR_NAME = AccentColor;
				CODE_SIGN_STYLE = Automatic;
				CURRENT_PROJECT_VERSION = 1;
				DEVELOPMENT_TEAM = 8UFU34V542;
				GENERATE_INFOPLIST_FILE = YES;
				INFOPLIST_FILE = "You Are Awesome!/Info.plist";
				INFOPLIST_KEY_UIApplicationSupportsIndirectInputEvents = YES;
				INFOPLIST_KEY_UILaunchStoryboardName = LaunchScreen;
				INFOPLIST_KEY_UIMainStoryboardFile = Main;
				INFOPLIST_KEY_UISupportedInterfaceOrientations_iPad = "UIInterfaceOrientationPortrait UIInterfaceOrientationPortraitUpsideDown UIInterfaceOrientationLandscapeLeft UIInterfaceOrientationLandscapeRight";
				INFOPLIST_KEY_UISupportedInterfaceOrientations_iPhone = "UIInterfaceOrientationPortrait UIInterfaceOrientationLandscapeLeft UIInterfaceOrientationLandscapeRight";
				LD_RUNPATH_SEARCH_PATHS = (
					"$(inherited)",
					"@executable_path/Frameworks",
				);
				MARKETING_VERSION = 1.0;
				PRODUCT_BUNDLE_IDENTIFIER = "com.racho.You-Are-Awesome-";
				PRODUCT_NAME = "$(TARGET_NAME)";
				SWIFT_EMIT_LOC_STRINGS = YES;
				SWIFT_VERSION = 5.0;
				TARGETED_DEVICE_FAMILY = "1,2";
			};
			name = Debug;
		};
		00FCB603279FB3D100AD6E7D /* Release */ = {
			isa = XCBuildConfiguration;
			buildSettings = {
				ASSETCATALOG_COMPILER_APPICON_NAME = AppIcon;
				ASSETCATALOG_COMPILER_GLOBAL_ACCENT_COLOR_NAME = AccentColor;
				CODE_SIGN_STYLE = Automatic;
				CURRENT_PROJECT_VERSION = 1;
				DEVELOPMENT_TEAM = 8UFU34V542;
				GENERATE_INFOPLIST_FILE = YES;
				INFOPLIST_FILE = "You Are Awesome!/Info.plist";
				INFOPLIST_KEY_UIApplicationSupportsIndirectInputEvents = YES;
				INFOPLIST_KEY_UILaunchStoryboardName = LaunchScreen;
				INFOPLIST_KEY_UIMainStoryboardFile = Main;
				INFOPLIST_KEY_UISupportedInterfaceOrientations_iPad = "UIInterfaceOrientationPortrait UIInterfaceOrientationPortraitUpsideDown UIInterfaceOrientationLandscapeLeft UIInterfaceOrientationLandscapeRight";
				INFOPLIST_KEY_UISupportedInterfaceOrientations_iPhone = "UIInterfaceOrientationPortrait UIInterfaceOrientationLandscapeLeft UIInterfaceOrientationLandscapeRight";
				LD_RUNPATH_SEARCH_PATHS = (
					"$(inherited)",
					"@executable_path/Frameworks",
				);
				MARKETING_VERSION = 1.0;
				PRODUCT_BUNDLE_IDENTIFIER = "com.racho.You-Are-Awesome-";
				PRODUCT_NAME = "$(TARGET_NAME)";
				SWIFT_EMIT_LOC_STRINGS = YES;
				SWIFT_VERSION = 5.0;
				TARGETED_DEVICE_FAMILY = "1,2";
			};
			name = Release;
		};
		00FCB605279FB3D100AD6E7D /* Debug */ = {
			isa = XCBuildConfiguration;
			buildSettings = {
				ALWAYS_EMBED_SWIFT_STANDARD_LIBRARIES = YES;
				BUNDLE_LOADER = "$(TEST_HOST)";
				CODE_SIGN_STYLE = Automatic;
				CURRENT_PROJECT_VERSION = 1;
				DEVELOPMENT_TEAM = 8UFU34V542;
				GENERATE_INFOPLIST_FILE = YES;
				IPHONEOS_DEPLOYMENT_TARGET = 15.2;
				MARKETING_VERSION = 1.0;
				PRODUCT_BUNDLE_IDENTIFIER = "com.racho.You-Are-Awesome-Tests";
				PRODUCT_NAME = "$(TARGET_NAME)";
				SWIFT_EMIT_LOC_STRINGS = NO;
				SWIFT_VERSION = 5.0;
				TARGETED_DEVICE_FAMILY = "1,2";
				TEST_HOST = "$(BUILT_PRODUCTS_DIR)/You Are Awesome!.app/You Are Awesome!";
			};
			name = Debug;
		};
		00FCB606279FB3D100AD6E7D /* Release */ = {
			isa = XCBuildConfiguration;
			buildSettings = {
				ALWAYS_EMBED_SWIFT_STANDARD_LIBRARIES = YES;
				BUNDLE_LOADER = "$(TEST_HOST)";
				CODE_SIGN_STYLE = Automatic;
				CURRENT_PROJECT_VERSION = 1;
				DEVELOPMENT_TEAM = 8UFU34V542;
				GENERATE_INFOPLIST_FILE = YES;
				IPHONEOS_DEPLOYMENT_TARGET = 15.2;
				MARKETING_VERSION = 1.0;
				PRODUCT_BUNDLE_IDENTIFIER = "com.racho.You-Are-Awesome-Tests";
				PRODUCT_NAME = "$(TARGET_NAME)";
				SWIFT_EMIT_LOC_STRINGS = NO;
				SWIFT_VERSION = 5.0;
				TARGETED_DEVICE_FAMILY = "1,2";
				TEST_HOST = "$(BUILT_PRODUCTS_DIR)/You Are Awesome!.app/You Are Awesome!";
			};
			name = Release;
		};
		00FCB608279FB3D100AD6E7D /* Debug */ = {
			isa = XCBuildConfiguration;
			buildSettings = {
				ALWAYS_EMBED_SWIFT_STANDARD_LIBRARIES = YES;
				CODE_SIGN_STYLE = Automatic;
				CURRENT_PROJECT_VERSION = 1;
				DEVELOPMENT_TEAM = 8UFU34V542;
				GENERATE_INFOPLIST_FILE = YES;
				MARKETING_VERSION = 1.0;
				PRODUCT_BUNDLE_IDENTIFIER = "com.racho.You-Are-Awesome-UITests";
				PRODUCT_NAME = "$(TARGET_NAME)";
				SWIFT_EMIT_LOC_STRINGS = NO;
				SWIFT_VERSION = 5.0;
				TARGETED_DEVICE_FAMILY = "1,2";
				TEST_TARGET_NAME = "You Are Awesome!";
			};
			name = Debug;
		};
		00FCB609279FB3D100AD6E7D /* Release */ = {
			isa = XCBuildConfiguration;
			buildSettings = {
				ALWAYS_EMBED_SWIFT_STANDARD_LIBRARIES = YES;
				CODE_SIGN_STYLE = Automatic;
				CURRENT_PROJECT_VERSION = 1;
				DEVELOPMENT_TEAM = 8UFU34V542;
				GENERATE_INFOPLIST_FILE = YES;
				MARKETING_VERSION = 1.0;
				PRODUCT_BUNDLE_IDENTIFIER = "com.racho.You-Are-Awesome-UITests";
				PRODUCT_NAME = "$(TARGET_NAME)";
				SWIFT_EMIT_LOC_STRINGS = NO;
				SWIFT_VERSION = 5.0;
				TARGETED_DEVICE_FAMILY = "1,2";
				TEST_TARGET_NAME = "You Are Awesome!";
			};
			name = Release;
		};
/* End XCBuildConfiguration section */

/* Begin XCConfigurationList section */
		00FCB5D2279FB3CE00AD6E7D /* Build configuration list for PBXProject "You Are Awesome!" */ = {
			isa = XCConfigurationList;
			buildConfigurations = (
				00FCB5FF279FB3D100AD6E7D /* Debug */,
				00FCB600279FB3D100AD6E7D /* Release */,
			);
			defaultConfigurationIsVisible = 0;
			defaultConfigurationName = Release;
		};
		00FCB601279FB3D100AD6E7D /* Build configuration list for PBXNativeTarget "You Are Awesome!" */ = {
			isa = XCConfigurationList;
			buildConfigurations = (
				00FCB602279FB3D100AD6E7D /* Debug */,
				00FCB603279FB3D100AD6E7D /* Release */,
			);
			defaultConfigurationIsVisible = 0;
			defaultConfigurationName = Release;
		};
		00FCB604279FB3D100AD6E7D /* Build configuration list for PBXNativeTarget "You Are Awesome!Tests" */ = {
			isa = XCConfigurationList;
			buildConfigurations = (
				00FCB605279FB3D100AD6E7D /* Debug */,
				00FCB606279FB3D100AD6E7D /* Release */,
			);
			defaultConfigurationIsVisible = 0;
			defaultConfigurationName = Release;
		};
		00FCB607279FB3D100AD6E7D /* Build configuration list for PBXNativeTarget "You Are Awesome!UITests" */ = {
			isa = XCConfigurationList;
			buildConfigurations = (
				00FCB608279FB3D100AD6E7D /* Debug */,
				00FCB609279FB3D100AD6E7D /* Release */,
			);
			defaultConfigurationIsVisible = 0;
			defaultConfigurationName = Release;
		};
/* End XCConfigurationList section */
	};
	rootObject = 00FCB5CF279FB3CE00AD6E7D /* Project object */;
}
